// !$*UTF8*$!
{
	archiveVersion = 1;
	classes = {
	};
	objectVersion = 50;
	objects = {

/* Begin PBXBuildFile section */
		957BBDAD209281BD00CB5F0D /* AppDelegate.swift in Sources */ = {isa = PBXBuildFile; fileRef = 957BBDAC209281BD00CB5F0D /* AppDelegate.swift */; };
		957BBDAF209281BD00CB5F0D /* ViewController.swift in Sources */ = {isa = PBXBuildFile; fileRef = 957BBDAE209281BD00CB5F0D /* ViewController.swift */; };
		957BBDB2209281BD00CB5F0D /* Main.storyboard in Resources */ = {isa = PBXBuildFile; fileRef = 957BBDB0209281BD00CB5F0D /* Main.storyboard */; };
		957BBDB4209281BE00CB5F0D /* Assets.xcassets in Resources */ = {isa = PBXBuildFile; fileRef = 957BBDB3209281BE00CB5F0D /* Assets.xcassets */; };
		957BBDB7209281BE00CB5F0D /* LaunchScreen.storyboard in Resources */ = {isa = PBXBuildFile; fileRef = 957BBDB5209281BE00CB5F0D /* LaunchScreen.storyboard */; };
		957BBDC2209281BF00CB5F0D /* TicTacToeTests.swift in Sources */ = {isa = PBXBuildFile; fileRef = 957BBDC1209281BF00CB5F0D /* TicTacToeTests.swift */; };
		957BBDCD209281BF00CB5F0D /* TicTacToeUITests.swift in Sources */ = {isa = PBXBuildFile; fileRef = 957BBDCC209281BF00CB5F0D /* TicTacToeUITests.swift */; };
/* End PBXBuildFile section */

/* Begin PBXContainerItemProxy section */
		957BBDBE209281BF00CB5F0D /* PBXContainerItemProxy */ = {
			isa = PBXContainerItemProxy;
			containerPortal = 957BBDA1209281BD00CB5F0D /* Project object */;
			proxyType = 1;
			remoteGlobalIDString = 957BBDA8209281BD00CB5F0D;
			remoteInfo = TicTacToe;
		};
		957BBDC9209281BF00CB5F0D /* PBXContainerItemProxy */ = {
			isa = PBXContainerItemProxy;
			containerPortal = 957BBDA1209281BD00CB5F0D /* Project object */;
			proxyType = 1;
			remoteGlobalIDString = 957BBDA8209281BD00CB5F0D;
			remoteInfo = TicTacToe;
		};
/* End PBXContainerItemProxy section */

/* Begin PBXFileReference section */
		957BBDA9209281BD00CB5F0D /* TicTacToe.app */ = {isa = PBXFileReference; explicitFileType = wrapper.application; includeInIndex = 0; path = TicTacToe.app; sourceTree = BUILT_PRODUCTS_DIR; };
		957BBDAC209281BD00CB5F0D /* AppDelegate.swift */ = {isa = PBXFileReference; lastKnownFileType = sourcecode.swift; path = AppDelegate.swift; sourceTree = "<group>"; };
		957BBDAE209281BD00CB5F0D /* ViewController.swift */ = {isa = PBXFileReference; lastKnownFileType = sourcecode.swift; path = ViewController.swift; sourceTree = "<group>"; };
		957BBDB1209281BD00CB5F0D /* Base */ = {isa = PBXFileReference; lastKnownFileType = file.storyboard; name = Base; path = Base.lproj/Main.storyboard; sourceTree = "<group>"; };
		957BBDB3209281BE00CB5F0D /* Assets.xcassets */ = {isa = PBXFileReference; lastKnownFileType = folder.assetcatalog; path = Assets.xcassets; sourceTree = "<group>"; };
		957BBDB6209281BE00CB5F0D /* Base */ = {isa = PBXFileReference; lastKnownFileType = file.storyboard; name = Base; path = Base.lproj/LaunchScreen.storyboard; sourceTree = "<group>"; };
		957BBDB8209281BE00CB5F0D /* Info.plist */ = {isa = PBXFileReference; lastKnownFileType = text.plist.xml; path = Info.plist; sourceTree = "<group>"; };
		957BBDBD209281BF00CB5F0D /* TicTacToeTests.xctest */ = {isa = PBXFileReference; explicitFileType = wrapper.cfbundle; includeInIndex = 0; path = TicTacToeTests.xctest; sourceTree = BUILT_PRODUCTS_DIR; };
		957BBDC1209281BF00CB5F0D /* TicTacToeTests.swift */ = {isa = PBXFileReference; lastKnownFileType = sourcecode.swift; path = TicTacToeTests.swift; sourceTree = "<group>"; };
		957BBDC3209281BF00CB5F0D /* Info.plist */ = {isa = PBXFileReference; lastKnownFileType = text.plist.xml; path = Info.plist; sourceTree = "<group>"; };
		957BBDC8209281BF00CB5F0D /* TicTacToeUITests.xctest */ = {isa = PBXFileReference; explicitFileType = wrapper.cfbundle; includeInIndex = 0; path = TicTacToeUITests.xctest; sourceTree = BUILT_PRODUCTS_DIR; };
		957BBDCC209281BF00CB5F0D /* TicTacToeUITests.swift */ = {isa = PBXFileReference; lastKnownFileType = sourcecode.swift; path = TicTacToeUITests.swift; sourceTree = "<group>"; };
		957BBDCE209281BF00CB5F0D /* Info.plist */ = {isa = PBXFileReference; lastKnownFileType = text.plist.xml; path = Info.plist; sourceTree = "<group>"; };
/* End PBXFileReference section */

/* Begin PBXFrameworksBuildPhase section */
		957BBDA6209281BD00CB5F0D /* Frameworks */ = {
			isa = PBXFrameworksBuildPhase;
			buildActionMask = 2147483647;
			files = (
			);
			runOnlyForDeploymentPostprocessing = 0;
		};
		957BBDBA209281BE00CB5F0D /* Frameworks */ = {
			isa = PBXFrameworksBuildPhase;
			buildActionMask = 2147483647;
			files = (
			);
			runOnlyForDeploymentPostprocessing = 0;
		};
		957BBDC5209281BF00CB5F0D /* Frameworks */ = {
			isa = PBXFrameworksBuildPhase;
			buildActionMask = 2147483647;
			files = (
			);
			runOnlyForDeploymentPostprocessing = 0;
		};
/* End PBXFrameworksBuildPhase section */

/* Begin PBXGroup section */
		957BBDA0209281BD00CB5F0D = {
			isa = PBXGroup;
			children = (
				957BBDAB209281BD00CB5F0D /* TicTacToe */,
				957BBDC0209281BF00CB5F0D /* TicTacToeTests */,
				957BBDCB209281BF00CB5F0D /* TicTacToeUITests */,
				957BBDAA209281BD00CB5F0D /* Products */,
			);
			sourceTree = "<group>";
		};
		957BBDAA209281BD00CB5F0D /* Products */ = {
			isa = PBXGroup;
			children = (
				957BBDA9209281BD00CB5F0D /* TicTacToe.app */,
				957BBDBD209281BF00CB5F0D /* TicTacToeTests.xctest */,
				957BBDC8209281BF00CB5F0D /* TicTacToeUITests.xctest */,
			);
			name = Products;
			sourceTree = "<group>";
		};
		957BBDAB209281BD00CB5F0D /* TicTacToe */ = {
			isa = PBXGroup;
			children = (
				957BBDAC209281BD00CB5F0D /* AppDelegate.swift */,
				957BBDAE209281BD00CB5F0D /* ViewController.swift */,
				957BBDB0209281BD00CB5F0D /* Main.storyboard */,
				957BBDB3209281BE00CB5F0D /* Assets.xcassets */,
				957BBDB5209281BE00CB5F0D /* LaunchScreen.storyboard */,
				957BBDB8209281BE00CB5F0D /* Info.plist */,
			);
			path = TicTacToe;
			sourceTree = "<group>";
		};
		957BBDC0209281BF00CB5F0D /* TicTacToeTests */ = {
			isa = PBXGroup;
			children = (
				957BBDC1209281BF00CB5F0D /* TicTacToeTests.swift */,
				957BBDC3209281BF00CB5F0D /* Info.plist */,
			);
			path = TicTacToeTests;
			sourceTree = "<group>";
		};
		957BBDCB209281BF00CB5F0D /* TicTacToeUITests */ = {
			isa = PBXGroup;
			children = (
				957BBDCC209281BF00CB5F0D /* TicTacToeUITests.swift */,
				957BBDCE209281BF00CB5F0D /* Info.plist */,
			);
			path = TicTacToeUITests;
			sourceTree = "<group>";
		};
/* End PBXGroup section */

/* Begin PBXNativeTarget section */
		957BBDA8209281BD00CB5F0D /* TicTacToe */ = {
			isa = PBXNativeTarget;
			buildConfigurationList = 957BBDD1209281BF00CB5F0D /* Build configuration list for PBXNativeTarget "TicTacToe" */;
			buildPhases = (
				957BBDA5209281BD00CB5F0D /* Sources */,
				957BBDA6209281BD00CB5F0D /* Frameworks */,
				957BBDA7209281BD00CB5F0D /* Resources */,
			);
			buildRules = (
			);
			dependencies = (
			);
			name = TicTacToe;
			productName = TicTacToe;
			productReference = 957BBDA9209281BD00CB5F0D /* TicTacToe.app */;
			productType = "com.apple.product-type.application";
		};
		957BBDBC209281BE00CB5F0D /* TicTacToeTests */ = {
			isa = PBXNativeTarget;
			buildConfigurationList = 957BBDD4209281BF00CB5F0D /* Build configuration list for PBXNativeTarget "TicTacToeTests" */;
			buildPhases = (
				957BBDB9209281BE00CB5F0D /* Sources */,
				957BBDBA209281BE00CB5F0D /* Frameworks */,
				957BBDBB209281BE00CB5F0D /* Resources */,
			);
			buildRules = (
			);
			dependencies = (
				957BBDBF209281BF00CB5F0D /* PBXTargetDependency */,
			);
			name = TicTacToeTests;
			productName = TicTacToeTests;
			productReference = 957BBDBD209281BF00CB5F0D /* TicTacToeTests.xctest */;
			productType = "com.apple.product-type.bundle.unit-test";
		};
		957BBDC7209281BF00CB5F0D /* TicTacToeUITests */ = {
			isa = PBXNativeTarget;
			buildConfigurationList = 957BBDD7209281BF00CB5F0D /* Build configuration list for PBXNativeTarget "TicTacToeUITests" */;
			buildPhases = (
				957BBDC4209281BF00CB5F0D /* Sources */,
				957BBDC5209281BF00CB5F0D /* Frameworks */,
				957BBDC6209281BF00CB5F0D /* Resources */,
			);
			buildRules = (
			);
			dependencies = (
				957BBDCA209281BF00CB5F0D /* PBXTargetDependency */,
			);
			name = TicTacToeUITests;
			productName = TicTacToeUITests;
			productReference = 957BBDC8209281BF00CB5F0D /* TicTacToeUITests.xctest */;
			productType = "com.apple.product-type.bundle.ui-testing";
		};
/* End PBXNativeTarget section */

/* Begin PBXProject section */
		957BBDA1209281BD00CB5F0D /* Project object */ = {
			isa = PBXProject;
			attributes = {
				LastSwiftUpdateCheck = 0930;
				LastUpgradeCheck = 0930;
				ORGANIZATIONNAME = Mousty;
				TargetAttributes = {
					957BBDA8209281BD00CB5F0D = {
						CreatedOnToolsVersion = 9.3;
					};
					957BBDBC209281BE00CB5F0D = {
						CreatedOnToolsVersion = 9.3;
						TestTargetID = 957BBDA8209281BD00CB5F0D;
					};
					957BBDC7209281BF00CB5F0D = {
						CreatedOnToolsVersion = 9.3;
						TestTargetID = 957BBDA8209281BD00CB5F0D;
					};
				};
			};
			buildConfigurationList = 957BBDA4209281BD00CB5F0D /* Build configuration list for PBXProject "TicTacToe" */;
			compatibilityVersion = "Xcode 9.3";
			developmentRegion = en;
			hasScannedForEncodings = 0;
			knownRegions = (
				en,
				Base,
			);
			mainGroup = 957BBDA0209281BD00CB5F0D;
			productRefGroup = 957BBDAA209281BD00CB5F0D /* Products */;
			projectDirPath = "";
			projectRoot = "";
			targets = (
				957BBDA8209281BD00CB5F0D /* TicTacToe */,
				957BBDBC209281BE00CB5F0D /* TicTacToeTests */,
				957BBDC7209281BF00CB5F0D /* TicTacToeUITests */,
			);
		};
/* End PBXProject section */

/* Begin PBXResourcesBuildPhase section */
		957BBDA7209281BD00CB5F0D /* Resources */ = {
			isa = PBXResourcesBuildPhase;
			buildActionMask = 2147483647;
			files = (
				957BBDB7209281BE00CB5F0D /* LaunchScreen.storyboard in Resources */,
				957BBDB4209281BE00CB5F0D /* Assets.xcassets in Resources */,
				957BBDB2209281BD00CB5F0D /* Main.storyboard in Resources */,
			);
			runOnlyForDeploymentPostprocessing = 0;
		};
		957BBDBB209281BE00CB5F0D /* Resources */ = {
			isa = PBXResourcesBuildPhase;
			buildActionMask = 2147483647;
			files = (
			);
			runOnlyForDeploymentPostprocessing = 0;
		};
		957BBDC6209281BF00CB5F0D /* Resources */ = {
			isa = PBXResourcesBuildPhase;
			buildActionMask = 2147483647;
			files = (
			);
			runOnlyForDeploymentPostprocessing = 0;
		};
/* End PBXResourcesBuildPhase section */

/* Begin PBXSourcesBuildPhase section */
		957BBDA5209281BD00CB5F0D /* Sources */ = {
			isa = PBXSourcesBuildPhase;
			buildActionMask = 2147483647;
			files = (
				957BBDAF209281BD00CB5F0D /* ViewController.swift in Sources */,
				957BBDAD209281BD00CB5F0D /* AppDelegate.swift in Sources */,
			);
			runOnlyForDeploymentPostprocessing = 0;
		};
		957BBDB9209281BE00CB5F0D /* Sources */ = {
			isa = PBXSourcesBuildPhase;
			buildActionMask = 2147483647;
			files = (
				957BBDC2209281BF00CB5F0D /* TicTacToeTests.swift in Sources */,
			);
			runOnlyForDeploymentPostprocessing = 0;
		};
		957BBDC4209281BF00CB5F0D /* Sources */ = {
			isa = PBXSourcesBuildPhase;
			buildActionMask = 2147483647;
			files = (
				957BBDCD209281BF00CB5F0D /* TicTacToeUITests.swift in Sources */,
			);
			runOnlyForDeploymentPostprocessing = 0;
		};
/* End PBXSourcesBuildPhase section */

/* Begin PBXTargetDependency section */
		957BBDBF209281BF00CB5F0D /* PBXTargetDependency */ = {
			isa = PBXTargetDependency;
			target = 957BBDA8209281BD00CB5F0D /* TicTacToe */;
			targetProxy = 957BBDBE209281BF00CB5F0D /* PBXContainerItemProxy */;
		};
		957BBDCA209281BF00CB5F0D /* PBXTargetDependency */ = {
			isa = PBXTargetDependency;
			target = 957BBDA8209281BD00CB5F0D /* TicTacToe */;
			targetProxy = 957BBDC9209281BF00CB5F0D /* PBXContainerItemProxy */;
		};
/* End PBXTargetDependency section */

/* Begin PBXVariantGroup section */
		957BBDB0209281BD00CB5F0D /* Main.storyboard */ = {
			isa = PBXVariantGroup;
			children = (
				957BBDB1209281BD00CB5F0D /* Base */,
			);
			name = Main.storyboard;
			sourceTree = "<group>";
		};
		957BBDB5209281BE00CB5F0D /* LaunchScreen.storyboard */ = {
			isa = PBXVariantGroup;
			children = (
				957BBDB6209281BE00CB5F0D /* Base */,
			);
			name = LaunchScreen.storyboard;
			sourceTree = "<group>";
		};
/* End PBXVariantGroup section */

/* Begin XCBuildConfiguration section */
		957BBDCF209281BF00CB5F0D /* Debug */ = {
			isa = XCBuildConfiguration;
			buildSettings = {
				ALWAYS_SEARCH_USER_PATHS = NO;
				CLANG_ANALYZER_NONNULL = YES;
				CLANG_ANALYZER_NUMBER_OBJECT_CONVERSION = YES_AGGRESSIVE;
				CLANG_CXX_LANGUAGE_STANDARD = "gnu++14";
				CLANG_CXX_LIBRARY = "libc++";
				CLANG_ENABLE_MODULES = YES;
				CLANG_ENABLE_OBJC_ARC = YES;
				CLANG_ENABLE_OBJC_WEAK = YES;
				CLANG_WARN_BLOCK_CAPTURE_AUTORELEASING = YES;
				CLANG_WARN_BOOL_CONVERSION = YES;
				CLANG_WARN_COMMA = YES;
				CLANG_WARN_CONSTANT_CONVERSION = YES;
				CLANG_WARN_DEPRECATED_OBJC_IMPLEMENTATIONS = YES;
				CLANG_WARN_DIRECT_OBJC_ISA_USAGE = YES_ERROR;
				CLANG_WARN_DOCUMENTATION_COMMENTS = YES;
				CLANG_WARN_EMPTY_BODY = YES;
				CLANG_WARN_ENUM_CONVERSION = YES;
				CLANG_WARN_INFINITE_RECURSION = YES;
				CLANG_WARN_INT_CONVERSION = YES;
				CLANG_WARN_NON_LITERAL_NULL_CONVERSION = YES;
				CLANG_WARN_OBJC_IMPLICIT_RETAIN_SELF = YES;
				CLANG_WARN_OBJC_LITERAL_CONVERSION = YES;
				CLANG_WARN_OBJC_ROOT_CLASS = YES_ERROR;
				CLANG_WARN_RANGE_LOOP_ANALYSIS = YES;
				CLANG_WARN_STRICT_PROTOTYPES = YES;
				CLANG_WARN_SUSPICIOUS_MOVE = YES;
				CLANG_WARN_UNGUARDED_AVAILABILITY = YES_AGGRESSIVE;
				CLANG_WARN_UNREACHABLE_CODE = YES;
				CLANG_WARN__DUPLICATE_METHOD_MATCH = YES;
				CODE_SIGN_IDENTITY = "iPhone Developer";
				COPY_PHASE_STRIP = NO;
				DEBUG_INFORMATION_FORMAT = dwarf;
				ENABLE_STRICT_OBJC_MSGSEND = YES;
				ENABLE_TESTABILITY = YES;
				GCC_C_LANGUAGE_STANDARD = gnu11;
				GCC_DYNAMIC_NO_PIC = NO;
				GCC_NO_COMMON_BLOCKS = YES;
				GCC_OPTIMIZATION_LEVEL = 0;
				GCC_PREPROCESSOR_DEFINITIONS = (
					"DEBUG=1",
					"$(inherited)",
				);
				GCC_WARN_64_TO_32_BIT_CONVERSION = YES;
				GCC_WARN_ABOUT_RETURN_TYPE = YES_ERROR;
				GCC_WARN_UNDECLARED_SELECTOR = YES;
				GCC_WARN_UNINITIALIZED_AUTOS = YES_AGGRESSIVE;
				GCC_WARN_UNUSED_FUNCTION = YES;
				GCC_WARN_UNUSED_VARIABLE = YES;
				IPHONEOS_DEPLOYMENT_TARGET = 11.3;
				MTL_ENABLE_DEBUG_INFO = YES;
				ONLY_ACTIVE_ARCH = YES;
				SDKROOT = iphoneos;
				SWIFT_ACTIVE_COMPILATION_CONDITIONS = DEBUG;
				SWIFT_OPTIMIZATION_LEVEL = "-Onone";
			};
			name = Debug;
		};
		957BBDD0209281BF00CB5F0D /* Release */ = {
			isa = XCBuildConfiguration;
			buildSettings = {
				ALWAYS_SEARCH_USER_PATHS = NO;
				CLANG_ANALYZER_NONNULL = YES;
				CLANG_ANALYZER_NUMBER_OBJECT_CONVERSION = YES_AGGRESSIVE;
				CLANG_CXX_LANGUAGE_STANDARD = "gnu++14";
				CLANG_CXX_LIBRARY = "libc++";
				CLANG_ENABLE_MODULES = YES;
				CLANG_ENABLE_OBJC_ARC = YES;
				CLANG_ENABLE_OBJC_WEAK = YES;
				CLANG_WARN_BLOCK_CAPTURE_AUTORELEASING = YES;
				CLANG_WARN_BOOL_CONVERSION = YES;
				CLANG_WARN_COMMA = YES;
				CLANG_WARN_CONSTANT_CONVERSION = YES;
				CLANG_WARN_DEPRECATED_OBJC_IMPLEMENTATIONS = YES;
				CLANG_WARN_DIRECT_OBJC_ISA_USAGE = YES_ERROR;
				CLANG_WARN_DOCUMENTATION_COMMENTS = YES;
				CLANG_WARN_EMPTY_BODY = YES;
				CLANG_WARN_ENUM_CONVERSION = YES;
				CLANG_WARN_INFINITE_RECURSION = YES;
				CLANG_WARN_INT_CONVERSION = YES;
				CLANG_WARN_NON_LITERAL_NULL_CONVERSION = YES;
				CLANG_WARN_OBJC_IMPLICIT_RETAIN_SELF = YES;
				CLANG_WARN_OBJC_LITERAL_CONVERSION = YES;
				CLANG_WARN_OBJC_ROOT_CLASS = YES_ERROR;
				CLANG_WARN_RANGE_LOOP_ANALYSIS = YES;
				CLANG_WARN_STRICT_PROTOTYPES = YES;
				CLANG_WARN_SUSPICIOUS_MOVE = YES;
				CLANG_WARN_UNGUARDED_AVAILABILITY = YES_AGGRESSIVE;
				CLANG_WARN_UNREACHABLE_CODE = YES;
				CLANG_WARN__DUPLICATE_METHOD_MATCH = YES;
				CODE_SIGN_IDENTITY = "iPhone Developer";
				COPY_PHASE_STRIP = NO;
				DEBUG_INFORMATION_FORMAT = "dwarf-with-dsym";
				ENABLE_NS_ASSERTIONS = NO;
				ENABLE_STRICT_OBJC_MSGSEND = YES;
				GCC_C_LANGUAGE_STANDARD = gnu11;
				GCC_NO_COMMON_BLOCKS = YES;
				GCC_WARN_64_TO_32_BIT_CONVERSION = YES;
				GCC_WARN_ABOUT_RETURN_TYPE = YES_ERROR;
				GCC_WARN_UNDECLARED_SELECTOR = YES;
				GCC_WARN_UNINITIALIZED_AUTOS = YES_AGGRESSIVE;
				GCC_WARN_UNUSED_FUNCTION = YES;
				GCC_WARN_UNUSED_VARIABLE = YES;
				IPHONEOS_DEPLOYMENT_TARGET = 11.3;
				MTL_ENABLE_DEBUG_INFO = NO;
				SDKROOT = iphoneos;
				SWIFT_COMPILATION_MODE = wholemodule;
				SWIFT_OPTIMIZATION_LEVEL = "-O";
				VALIDATE_PRODUCT = YES;
			};
			name = Release;
		};
		957BBDD2209281BF00CB5F0D /* Debug */ = {
			isa = XCBuildConfiguration;
			buildSettings = {
				ASSETCATALOG_COMPILER_APPICON_NAME = AppIcon;
				CODE_SIGN_STYLE = Automatic;
				DEVELOPMENT_TEAM = 24SM6522LU;
				INFOPLIST_FILE = TicTacToe/Info.plist;
				LD_RUNPATH_SEARCH_PATHS = (
					"$(inherited)",
					"@executable_path/Frameworks",
				);
				PRODUCT_BUNDLE_IDENTIFIER = deakin.TicTacToe;
				PRODUCT_NAME = "$(TARGET_NAME)";
				SWIFT_VERSION = 4.0;
				TARGETED_DEVICE_FAMILY = "1,2";
			};
			name = Debug;
		};
		957BBDD3209281BF00CB5F0D /* Release */ = {
			isa = XCBuildConfiguration;
			buildSettings = {
				ASSETCATALOG_COMPILER_APPICON_NAME = AppIcon;
				CODE_SIGN_STYLE = Automatic;
				DEVELOPMENT_TEAM = 24SM6522LU;
				INFOPLIST_FILE = TicTacToe/Info.plist;
				LD_RUNPATH_SEARCH_PATHS = (
					"$(inherited)",
					"@executable_path/Frameworks",
				);
				PRODUCT_BUNDLE_IDENTIFIER = deakin.TicTacToe;
				PRODUCT_NAME = "$(TARGET_NAME)";
				SWIFT_VERSION = 4.0;
				TARGETED_DEVICE_FAMILY = "1,2";
			};
			name = Release;
		};
		957BBDD5209281BF00CB5F0D /* Debug */ = {
			isa = XCBuildConfiguration;
			buildSettings = {
				ALWAYS_EMBED_SWIFT_STANDARD_LIBRARIES = YES;
				BUNDLE_LOADER = "$(TEST_HOST)";
				CODE_SIGN_STYLE = Automatic;
				DEVELOPMENT_TEAM = 24SM6522LU;
				INFOPLIST_FILE = TicTacToeTests/Info.plist;
				LD_RUNPATH_SEARCH_PATHS = (
					"$(inherited)",
					"@executable_path/Frameworks",
					"@loader_path/Frameworks",
				);
				PRODUCT_BUNDLE_IDENTIFIER = deakin.TicTacToeTests;
				PRODUCT_NAME = "$(TARGET_NAME)";
				SWIFT_VERSION = 4.0;
				TARGETED_DEVICE_FAMILY = "1,2";
				TEST_HOST = "$(BUILT_PRODUCTS_DIR)/TicTacToe.app/TicTacToe";
			};
			name = Debug;
		};
		957BBDD6209281BF00CB5F0D /* Release */ = {
			isa = XCBuildConfiguration;
			buildSettings = {
				ALWAYS_EMBED_SWIFT_STANDARD_LIBRARIES = YES;
				BUNDLE_LOADER = "$(TEST_HOST)";
				CODE_SIGN_STYLE = Automatic;
				DEVELOPMENT_TEAM = 24SM6522LU;
				INFOPLIST_FILE = TicTacToeTests/Info.plist;
				LD_RUNPATH_SEARCH_PATHS = (
					"$(inherited)",
					"@executable_path/Frameworks",
					"@loader_path/Frameworks",
				);
				PRODUCT_BUNDLE_IDENTIFIER = deakin.TicTacToeTests;
				PRODUCT_NAME = "$(TARGET_NAME)";
				SWIFT_VERSION = 4.0;
				TARGETED_DEVICE_FAMILY = "1,2";
				TEST_HOST = "$(BUILT_PRODUCTS_DIR)/TicTacToe.app/TicTacToe";
			};
			name = Release;
		};
		957BBDD8209281BF00CB5F0D /* Debug */ = {
			isa = XCBuildConfiguration;
			buildSettings = {
				ALWAYS_EMBED_SWIFT_STANDARD_LIBRARIES = YES;
				CODE_SIGN_STYLE = Automatic;
				DEVELOPMENT_TEAM = 24SM6522LU;
				INFOPLIST_FILE = TicTacToeUITests/Info.plist;
				LD_RUNPATH_SEARCH_PATHS = (
					"$(inherited)",
					"@executable_path/Frameworks",
					"@loader_path/Frameworks",
				);
				PRODUCT_BUNDLE_IDENTIFIER = deakin.TicTacToeUITests;
				PRODUCT_NAME = "$(TARGET_NAME)";
				SWIFT_VERSION = 4.0;
				TARGETED_DEVICE_FAMILY = "1,2";
				TEST_TARGET_NAME = TicTacToe;
			};
			name = Debug;
		};
		957BBDD9209281BF00CB5F0D /* Release */ = {
			isa = XCBuildConfiguration;
			buildSettings = {
				ALWAYS_EMBED_SWIFT_STANDARD_LIBRARIES = YES;
				CODE_SIGN_STYLE = Automatic;
				DEVELOPMENT_TEAM = 24SM6522LU;
				INFOPLIST_FILE = TicTacToeUITests/Info.plist;
				LD_RUNPATH_SEARCH_PATHS = (
					"$(inherited)",
					"@executable_path/Frameworks",
					"@loader_path/Frameworks",
				);
				PRODUCT_BUNDLE_IDENTIFIER = deakin.TicTacToeUITests;
				PRODUCT_NAME = "$(TARGET_NAME)";
				SWIFT_VERSION = 4.0;
				TARGETED_DEVICE_FAMILY = "1,2";
				TEST_TARGET_NAME = TicTacToe;
			};
			name = Release;
		};
/* End XCBuildConfiguration section */

/* Begin XCConfigurationList section */
		957BBDA4209281BD00CB5F0D /* Build configuration list for PBXProject "TicTacToe" */ = {
			isa = XCConfigurationList;
			buildConfigurations = (
				957BBDCF209281BF00CB5F0D /* Debug */,
				957BBDD0209281BF00CB5F0D /* Release */,
			);
			defaultConfigurationIsVisible = 0;
			defaultConfigurationName = Release;
		};
		957BBDD1209281BF00CB5F0D /* Build configuration list for PBXNativeTarget "TicTacToe" */ = {
			isa = XCConfigurationList;
			buildConfigurations = (
				957BBDD2209281BF00CB5F0D /* Debug */,
				957BBDD3209281BF00CB5F0D /* Release */,
			);
			defaultConfigurationIsVisible = 0;
			defaultConfigurationName = Release;
		};
		957BBDD4209281BF00CB5F0D /* Build configuration list for PBXNativeTarget "TicTacToeTests" */ = {
			isa = XCConfigurationList;
			buildConfigurations = (
				957BBDD5209281BF00CB5F0D /* Debug */,
				957BBDD6209281BF00CB5F0D /* Release */,
			);
			defaultConfigurationIsVisible = 0;
			defaultConfigurationName = Release;
		};
		957BBDD7209281BF00CB5F0D /* Build configuration list for PBXNativeTarget "TicTacToeUITests" */ = {
			isa = XCConfigurationList;
			buildConfigurations = (
				957BBDD8209281BF00CB5F0D /* Debug */,
				957BBDD9209281BF00CB5F0D /* Release */,
			);
			defaultConfigurationIsVisible = 0;
			defaultConfigurationName = Release;
		};
/* End XCConfigurationList section */
	};
	rootObject = 957BBDA1209281BD00CB5F0D /* Project object */;
}
